cloud.google.com/go v0.123.0 h1:2NAUJwPR47q+E35uaJeYoNhuNEM9kM8SjgRgdeOJUSE=
cloud.google.com/go v0.123.0/go.mod h1:xBoMV08QcqUGuPW65Qfm1o9Y4zKZBpGS+7bImXLTAZU=
github.com/MarkRosemaker/errpath v0.0.0-20260915220057-24600ade1d51 h1:XMv5+lAjjGwDRXVq90ta9NMx6iTK0jkiq5qUGKvlJrA=
github.com/MarkRosemaker/errpath v0.0.0-20260915220057-24600ade1d51/go.mod h1:VnXpUlsS3n1gSToedcQl2FCARGoA16CyitbCanUIv+I=
github.com/MarkRosemaker/json2yaml v0.0.0-20260915220058-ceedba1e386b h1:ugCeB3IyaG4sXmmvYvfiEuTxPglyVzpqj+DWgA/k7aU=
github.com/MarkRosemaker/json2yaml v0.0.0-20260915220058-ceedba1e386b/go.mod h1:eUwIjjooIESK1Ymw4bbMdSDF6feAblyZjxyoo5o/W6U=
github.com/MarkRosemaker/jsonutil v0.0.0-20260915220059-af9995971af9 h1:jbAddDOADzS8dKdMcyzSMHEQ+pbmoJAAM5M7G+R+w2U=
github.com/MarkRosemaker/jsonutil v0.0.0-20260915220059-af9995971af9/go.mod h1:SzjJlgYFlzpbFGvUUoQgfEsWlbai63bvhDPK8J0MNYM=
github.com/MarkRosemaker/openapi v0.0.0-20260915220135-8f82cf08349b h1:4hHh4wCM0G4jH9dJBokfnSdpx07yIYjDGjf2NWWUOl4=
github.com/MarkRosemaker/openapi v0.0.0-20260915220135-8f82cf08349b/go.mod h1:tKwgn1L6Lg0gB8H1nZdKCE7cD5rTv4qsBngECE+iocY=
github.com/MarkRosemaker/openapi-codegen v0.0.0-20260915162221-9d1b348e51f2 h1:Gb/tV9P5p5AcnYO2/fdkTpG8DFflUgvSSE+u9nNVPYQ=
github.com/MarkRosemaker/openapi-codegen v0.0.0-20260915162221-9d1b348e51f2/go.mod h1:HjNegeVD6fXC9gVOQB4NLms2nhAxMlRaEqQhsIuNXBU=
github.com/MarkRosemaker/openapi-compare v0.0.0-20260915160204-a2e0d3d18c55 h1:Gipte1XRG/d+5/jK4mTHPUd8GHL8LIwUOZUEnC7hd8U=
github.com/MarkRosemaker/openapi-compare v0.0.0-20260915160204-a2e0d3d18c55/go.mod h1:DEduYHsa60dObGlQKf7spAV5IfDLJDSBN6UOLEWwB5c=
github.com/MarkRosemaker/openapi-compress v0.0.0-20260915161829-d0a7d6a67f4d h1:DS9I8nDgSZ9v81Hn3MjnawPlr8qJDNv5d+CFn1DDRgI=
github.com/MarkRosemaker/openapi-compress v0.0.0-20260915161829-d0a7d6a67f4d/go.mod h1:jX9tAvlzdnsQW/IVKydZjCJtEMwR2JV4HT8MsUPIBIc=
github.com/MarkRosemaker/openapi-edit v0.0.0-20260915160204-217b05925b16 h1:L9DhNvjqWiXigSFCjxBHLEx8yWjzQSFJurhR0cZo6ik=
github.com/MarkRosemaker/openapi-edit v0.0.0-20260915160204-217b05925b16/go.mod h1:zoUAtJFBW7YJDeLz38nIPS7RyJeWLUdyKtW9QKfIZnk=
github.com/MarkRosemaker/openapi-enrich v0.0.0-20260915221105-df4b015eca18 h1:gy0vEL/Pf6iOhwlYiEsqiP30W5t0nB+91QXBY4EZrXw=
github.com/MarkRosemaker/openapi-enrich v0.0.0-20260915221105-df4b015eca18/go.mod h1:tEj857V5PtP0i0FzRJRtSNJGNbqd9+cKHEDpAyLARuo=
github.com/MarkRosemaker/openapi-flatten v0.0.0-20260915160229-d10c38e921ce h1:Svf9VTzwNI6dhHjH5F+deLBvqN24Qvxpps2exdRaJe0=
github.com/MarkRosemaker/openapi-flatten v0.0.0-20260915160229-d10c38e921ce/go.mod h1:ZOov5Um1MY+YPuUJ1izfmecnX6SF/zLoUOhwb41JDNc=
github.com/MarkRosemaker/openapi-merge v0.0.0-20260915220201-f82144a17765 h1:Y6Ld2t0PoO7FuofmmVKX7CTPCtJuVjtTRTF6pqpGQ9A=
github.com/MarkRosemaker/openapi-merge v0.0.0-20260915220201-f82144a17765/go.mod h1:ulDOxJb916qibU6k4M3G4k0figArtptqe/bjY16DKPs=
github.com/MarkRosemaker/ordmap v0.0.0-20260915220114-2604f7c312f0 h1:YXpuQups+g5xARyi7W4jwsX8QrOntNbkj2qRwmKDBr0=
github.com/MarkRosemaker/ordmap v0.0.0-20260915220114-2604f7c312f0/go.mod h1:VCA9xGtl62+OrSRFkLX9X0IEC6jSW4xOvBxoffSXXrQ=
github.com/MarkRosemaker/yaml v0.0.0-20260915220119-805783ead0cf h1:Wi9gDRQwFW9JfcjCcYicnl2IwZItLLavMWu9xkJK9IA=
github.com/MarkRosemaker/yaml v0.0.0-20260915220119-805783ead0cf/go.mod h1:abS3aqkGApMefdP+vuXyeY+RrZDA9UUgSzRX260OfNo=
github.com/MarkRosemaker/yaml2json v0.0.0-20260915220058-6d2fd2ad71fd h1:XWcpb9dcFh6/VFwEpWaFSG08ktNtGw72bI1rlV3IbQ0=
github.com/MarkRosemaker/yaml2json v0.0.0-20260915220058-6d2fd2ad71fd/go.mod h1:DxNA9SDFrzw+RHsnxjIxjUzHy0I4+3hZg7R13u3SBvE=
github.com/ettle/strcase v0.2.0 h1:fGNiVF21fHXpX1niBgk0aROov1LagYsOwV/xqKDKR/Q=
github.com/ettle/strcase v0.2.0/go.mod h1:DajmHElDSaX76ITe3/VHVyMin4LWSJN5Z909Wp+ED1A=
github.com/go-api-libs/api v0.0.0-20260915220100-ea4219bc9211 h1:Y0hipS1Ujg0xfNNQjJUBU6Vo0ZW90u43YQw1H06eJag=
github.com/go-api-libs/api v0.0.0-20260915220100-ea4219bc9211/go.mod h1:masFyl4XifxjXg66pLLUGz9RbDPS3EWo6NVIm/B0CEM=
github.com/go-api-libs/types v0.0.0-20260821232109-0cf45378823e h1:phyqsoQmuYpVxgTPIvqp4khoJ1EnAH3Us0zS7rocNYA=
github.com/go-api-libs/types v0.0.0-20260821232109-0cf45378823e/go.mod h1:z0z6qkZc45AvoRnluq7PkVSlSSF25sT0diJ+vrubYfA=
github.com/go-quicktest/qt v1.102.0 h1:HSQxCeh5YZH3EL3W39ixjtyaEhcWSXQHtHnMBzSs474=
github.com/go-quicktest/qt v1.102.0/go.mod h1:p4lGIVX+8Wa6ZPNDvqcxq36XpUDLh42FLetFU7odllI=
github.com/google/go-cmp v0.7.0 h1:wk8382ETsv4JYUZwIsn6YpYiWiBsYLSJiTsyBybVuN8=
github.com/google/go-cmp v0.7.0/go.mod h1:pXiqmnSA92OHEEa9HXL2W4E7lf9JzCmGVUdgjX3N/iU=
github.com/google/uuid v1.6.0 h1:NIvaJDMOsjHA8n1jAhLSgzrAzy1Hgr+hNrb57e+94F0=
github.com/google/uuid v1.6.0/go.mod h1:TIyPZe4MgqvfeYDBFedMoGGpEw/LqOeaOT+nhxU+yHo=
github.com/kr/pretty v0.3.1 h1:flRD4NNwYAUpkphVc1HcthR4KEIFJ65n8Mw5qdRn3LE=
github.com/kr/pretty v0.3.1/go.mod h1:hoEshYVHaxMs3cyo3Yncou5ZscifuDolrwPKZanG3xk=
github.com/kr/text v0.2.0 h1:5Nx0Ya0ZqY2ygV366QzturHI13Jq95ApcVaJBhpS+AY=
github.com/kr/text v0.2.0/go.mod h1:eLer722TekiGuMkidMxC/pM04lWEeraHUUmBw8l2grE=
github.com/rogpeppe/go-internal v1.16.0 h1:O9DK+vNMDVGLr2BeZqmpLeMjiMNkuXfcqntWbZV6S5g=
github.com/rogpeppe/go-internal v1.16.0/go.mod h1:DrUVZyrJU+txYW5/1kwtXQSMFio52ZOxX7yM1VHvnxs=
github.com/spf13/afero v1.15.0 h1:b/YBCLWAJdFWJTN9cLhiXXcD7mzKn9Dm86dNnfyQw1I=
github.com/spf13/afero v1.15.0/go.mod h1:NC2ByUVxtQs4b3sIUphxK0NioZnmxgyCrfzeuq8lxMg=
golang.org/x/exp v0.0.0-20260908205506-85c1c2202aba h1:Ck8QetSgk912qxWLMCKxd0in+aiyBQyDSMae6e/xmpU=
golang.org/x/exp v0.0.0-20260908205506-85c1c2202aba/go.mod h1:50RgIsmK7OwqzTTeqcSXQW8SswW0o8fRcDxmqGluJ8E=
golang.org/x/mod v0.41.0 h1:qJmnOUb4YB+FsEuM3HcWucdZASCPGhsX6uljO6pog0c=
golang.org/x/mod v0.41.0/go.mod h1:Ek9pY8RKWXwsWvd3rQiHYtMqkjSUV+s1Rj7j4H5Ur6o=
golang.org/x/sync v0.23.0 h1:KameEIfc1IkluZyXWLn39Wd4tURc6GbCiISGiZm2bQk=
golang.org/x/sync v0.23.0/go.mod h1:sUUOizhqBxiL6pEWpqNLUiaJn1ShEbZ6BBqskPbjZm0=
golang.org/x/text v0.42.0 h1:JbOZXgfeCPU9gacVtYliJqOhD+zhrEqK4LfdpmlUZqI=
golang.org/x/text v0.42.0/go.mod h1:ojzP1Z+2QtioaF8DTtO8K5q7JWVVYwZKenzujK0Zd0E=
golang.org/x/tools v0.50.0 h1:c2ifzfcuY7L90lZ2aKd8S4K2NpASF08SZx9ZuJkHmSU=
golang.org/x/tools v0.50.0/go.mod h1:7ulVMw3831Mwi5EZD6RomGyffr4VFjuNYXf2BbCEAV0=
gopkg.in/check.v1 v0.0.0-20161208181325-20d25e280405/go.mod h1:Co6ibVJAznAaIkqp8huTwlJQCZ016jof/cbN4VW5Yz0=
gopkg.in/check.v1 v1.0.0-20201130134442-10cb98267c6c h1:Hei/4ADfdWqJk1ZMxUNpqntNwaWcugrBjAiHlqqRiVk=
gopkg.in/check.v1 v1.0.0-20201130134442-10cb98267c6c/go.mod h1:JHkPIbrfpd72SG/EVd6muEfDQjcINNoR0C8j2r3qZ4Q=
gopkg.in/yaml.v3 v3.0.1 h1:fxVm/GzAzEWqLHuvctI91KS9hhNmmWOoWu0XTYJS7CA=
gopkg.in/yaml.v3 v3.0.1/go.mod h1:K4uyk7z7BCEPqu6E+C64Yfv1cQ7kz7rIZviUmN+EgEM=
mvdan.cc/gofumpt v0.12.0 h1:1Lbudkz2kpM9Cjz2pL4M19u7q+GaEhCTNf7N9mfpcho=
mvdan.cc/gofumpt v0.12.0/go.mod h1:SmBHHrljiZu/uoypeKup3rFzP6eoC9UwCp2iH5E3jZA=
