cloud.google.com/go v0.123.0 h1:2NAUJwPR47q+E35uaJeYoNhuNEM9kM8SjgRgdeOJUSE=
cloud.google.com/go v0.123.0/go.mod h1:xBoMV08QcqUGuPW65Qfm1o9Y4zKZBpGS+7bImXLTAZU=
github.com/MarkRosemaker/errpath v0.0.0-20260914225534-a987c688f54e h1:/X4xRnqZl6ogxrQv5vVhw8uaE/7CXGvaJG3rZltS9Gc=
github.com/MarkRosemaker/errpath v0.0.0-20260914225534-a987c688f54e/go.mod h1:VnXpUlsS3n1gSToedcQl2FCARGoA16CyitbCanUIv+I=
github.com/MarkRosemaker/json2yaml v0.0.0-20260914225535-1dcb565fc86f h1:D0zz2s0vX0G/msEuv109gChwLeQUkY42ckxykP5f/VM=
github.com/MarkRosemaker/json2yaml v0.0.0-20260914225535-1dcb565fc86f/go.mod h1:eUwIjjooIESK1Ymw4bbMdSDF6feAblyZjxyoo5o/W6U=
github.com/MarkRosemaker/jsonutil v0.0.0-20260914225537-dbde58dc4c20 h1:VYNx5TMIMfaLkxyE25OhG7IM5d533pPR2okFbFH3bJA=
github.com/MarkRosemaker/jsonutil v0.0.0-20260914225537-dbde58dc4c20/go.mod h1:SzjJlgYFlzpbFGvUUoQgfEsWlbai63bvhDPK8J0MNYM=
github.com/MarkRosemaker/openapi v0.0.0-20260914225613-81499df08bac h1:SpixC5NQe+jD+RCS1o23JDYfVwppfMQBrZhokABHrBQ=
github.com/MarkRosemaker/openapi v0.0.0-20260914225613-81499df08bac/go.mod h1:7+Db1LMeJZ1q5BzqgwSVS2N0gj80XIvtJo0i9rrEcbQ=
github.com/MarkRosemaker/openapi-codegen v0.0.0-20260914232152-fd025bd2e8e9 h1:QpOxfgtrSIarN7+pK0y+H/fp0UOWoQ/9ZfaBfpGQn5c=
github.com/MarkRosemaker/openapi-codegen v0.0.0-20260914232152-fd025bd2e8e9/go.mod h1:Zagaf5O0igRiWK6BJB2dEw8Ic/K4qAE85HKfXDz13HQ=
github.com/MarkRosemaker/openapi-compare v0.0.0-20260914225645-daa136a44053 h1:SADYztEfCbhlE6Ryvze0RyT5ZKzsNDSWqAkxfNA4Kbk=
github.com/MarkRosemaker/openapi-compare v0.0.0-20260914225645-daa136a44053/go.mod h1:L1ZTi4yK0KztcSwYx4mzdUqDrszg6OMdwlZv6zC4ISE=
github.com/MarkRosemaker/openapi-compress v0.0.0-20260914231658-1607600c01d4 h1:zTklQkmw/QLUIoTMDnkE+chEp58CrRlAOvJmhkW+gkg=
github.com/MarkRosemaker/openapi-compress v0.0.0-20260914231658-1607600c01d4/go.mod h1:xy1IvsvlQojRFAZxYZxyIsZV1OgMTk5Xnq2oAiSvTug=
github.com/MarkRosemaker/openapi-edit v0.0.0-20260914225645-8137a2b9057a h1:Tgo0Zz9vdeYQu/Ut4No8UbZe6PQabolPULg4eUStFys=
github.com/MarkRosemaker/openapi-edit v0.0.0-20260914225645-8137a2b9057a/go.mod h1:Ezu7+SId/5e8RXULkBDun4WJdW83ZxkTUlwzL/FKRZY=
github.com/MarkRosemaker/openapi-enrich v0.0.0-20260914230905-80346e2ed221 h1:oUquZdoRdIuU9h3yHO696Cx0fImTl6igOCxxysiue7o=
github.com/MarkRosemaker/openapi-enrich v0.0.0-20260914230905-80346e2ed221/go.mod h1:Oxd0nCf00Q1h6uxhP5qnv7m1GfejaQB31GnxF4DjRhs=
github.com/MarkRosemaker/openapi-flatten v0.0.0-20260914225709-afc900d2c454 h1:tQBpqVc/pQ5K/5QKLh8D2m2pyYVOB0KRs6A7aRjzMy8=
github.com/MarkRosemaker/openapi-flatten v0.0.0-20260914225709-afc900d2c454/go.mod h1:bfl7J7124hNU80DFHZ2jOyZsIBLnCNuDQSp/I+cX4RU=
github.com/MarkRosemaker/openapi-merge v0.0.0-20260914225645-94d0297c37b7 h1:vVCSHsQ/VjbtgIWZ2JpQ9MZm8ld66CykRdT7v67HKEQ=
github.com/MarkRosemaker/openapi-merge v0.0.0-20260914225645-94d0297c37b7/go.mod h1:9uUSUfYlvD6Eq+BRYIuTMeXPMCDG6/lvCs3nEfKoNc8=
github.com/MarkRosemaker/ordmap v0.0.0-20260914225552-2edf153ff7df h1:w1Sf4jzVmk/WdtW8feAkaMZXly9DmN1UvYHF5jFrzVU=
github.com/MarkRosemaker/ordmap v0.0.0-20260914225552-2edf153ff7df/go.mod h1:nnIQNdApi1bXhbQ3UOlaMuE7SwmYaVS71KJ+GbWW9hc=
github.com/MarkRosemaker/yaml v0.0.0-20260914225557-226d5083cdb0 h1:mXzUBknxm1NoJtRO5azD//2RQ43SHg+6F3UNcagoHMk=
github.com/MarkRosemaker/yaml v0.0.0-20260914225557-226d5083cdb0/go.mod h1:gDlEVkyoPbmaHmipZM8klWK6l2TDrzA85qqoJhCpYnI=
github.com/MarkRosemaker/yaml2json v0.0.0-20260914225536-880876df80d9 h1:+Y6nrbk9GF+wVu6mMIACF+WRUWhrgQp0Vs20sD6R2wA=
github.com/MarkRosemaker/yaml2json v0.0.0-20260914225536-880876df80d9/go.mod h1:DxNA9SDFrzw+RHsnxjIxjUzHy0I4+3hZg7R13u3SBvE=
github.com/ettle/strcase v0.2.0 h1:fGNiVF21fHXpX1niBgk0aROov1LagYsOwV/xqKDKR/Q=
github.com/ettle/strcase v0.2.0/go.mod h1:DajmHElDSaX76ITe3/VHVyMin4LWSJN5Z909Wp+ED1A=
github.com/go-api-libs/api v0.0.0-20260914225538-78b253c09f0a h1:YekO1bWC571rjJcC0MPn+7lmLZJ3Q/C5uwAq48hdM9Q=
github.com/go-api-libs/api v0.0.0-20260914225538-78b253c09f0a/go.mod h1:masFyl4XifxjXg66pLLUGz9RbDPS3EWo6NVIm/B0CEM=
github.com/go-api-libs/types v0.0.0-20260821232109-0cf45378823e h1:phyqsoQmuYpVxgTPIvqp4khoJ1EnAH3Us0zS7rocNYA=
github.com/go-api-libs/types v0.0.0-20260821232109-0cf45378823e/go.mod h1:z0z6qkZc45AvoRnluq7PkVSlSSF25sT0diJ+vrubYfA=
github.com/go-quicktest/qt v1.102.0 h1:HSQxCeh5YZH3EL3W39ixjtyaEhcWSXQHtHnMBzSs474=
github.com/go-quicktest/qt v1.102.0/go.mod h1:p4lGIVX+8Wa6ZPNDvqcxq36XpUDLh42FLetFU7odllI=
github.com/google/go-cmp v0.7.0 h1:wk8382ETsv4JYUZwIsn6YpYiWiBsYLSJiTsyBybVuN8=
github.com/google/go-cmp v0.7.0/go.mod h1:pXiqmnSA92OHEEa9HXL2W4E7lf9JzCmGVUdgjX3N/iU=
github.com/google/uuid v1.6.0 h1:NIvaJDMOsjHA8n1jAhLSgzrAzy1Hgr+hNrb57e+94F0=
github.com/google/uuid v1.6.0/go.mod h1:TIyPZe4MgqvfeYDBFedMoGGpEw/LqOeaOT+nhxU+yHo=
github.com/kr/pretty v0.3.1 h1:flRD4NNwYAUpkphVc1HcthR4KEIFJ65n8Mw5qdRn3LE=
github.com/kr/pretty v0.3.1/go.mod h1:hoEshYVHaxMs3cyo3Yncou5ZscifuDolrwPKZanG3xk=
github.com/kr/text v0.2.0 h1:5Nx0Ya0ZqY2ygV366QzturHI13Jq95ApcVaJBhpS+AY=
github.com/kr/text v0.2.0/go.mod h1:eLer722TekiGuMkidMxC/pM04lWEeraHUUmBw8l2grE=
github.com/rogpeppe/go-internal v1.16.0 h1:O9DK+vNMDVGLr2BeZqmpLeMjiMNkuXfcqntWbZV6S5g=
github.com/rogpeppe/go-internal v1.16.0/go.mod h1:DrUVZyrJU+txYW5/1kwtXQSMFio52ZOxX7yM1VHvnxs=
github.com/spf13/afero v1.15.0 h1:b/YBCLWAJdFWJTN9cLhiXXcD7mzKn9Dm86dNnfyQw1I=
github.com/spf13/afero v1.15.0/go.mod h1:NC2ByUVxtQs4b3sIUphxK0NioZnmxgyCrfzeuq8lxMg=
golang.org/x/exp v0.0.0-20260908205506-85c1c2202aba h1:Ck8QetSgk912qxWLMCKxd0in+aiyBQyDSMae6e/xmpU=
golang.org/x/exp v0.0.0-20260908205506-85c1c2202aba/go.mod h1:50RgIsmK7OwqzTTeqcSXQW8SswW0o8fRcDxmqGluJ8E=
golang.org/x/mod v0.41.0 h1:qJmnOUb4YB+FsEuM3HcWucdZASCPGhsX6uljO6pog0c=
golang.org/x/mod v0.41.0/go.mod h1:Ek9pY8RKWXwsWvd3rQiHYtMqkjSUV+s1Rj7j4H5Ur6o=
golang.org/x/sync v0.23.0 h1:KameEIfc1IkluZyXWLn39Wd4tURc6GbCiISGiZm2bQk=
golang.org/x/sync v0.23.0/go.mod h1:sUUOizhqBxiL6pEWpqNLUiaJn1ShEbZ6BBqskPbjZm0=
golang.org/x/text v0.42.0 h1:JbOZXgfeCPU9gacVtYliJqOhD+zhrEqK4LfdpmlUZqI=
golang.org/x/text v0.42.0/go.mod h1:ojzP1Z+2QtioaF8DTtO8K5q7JWVVYwZKenzujK0Zd0E=
golang.org/x/tools v0.50.0 h1:c2ifzfcuY7L90lZ2aKd8S4K2NpASF08SZx9ZuJkHmSU=
golang.org/x/tools v0.50.0/go.mod h1:7ulVMw3831Mwi5EZD6RomGyffr4VFjuNYXf2BbCEAV0=
gopkg.in/check.v1 v0.0.0-20161208181325-20d25e280405/go.mod h1:Co6ibVJAznAaIkqp8huTwlJQCZ016jof/cbN4VW5Yz0=
gopkg.in/check.v1 v1.0.0-20201130134442-10cb98267c6c h1:Hei/4ADfdWqJk1ZMxUNpqntNwaWcugrBjAiHlqqRiVk=
gopkg.in/check.v1 v1.0.0-20201130134442-10cb98267c6c/go.mod h1:JHkPIbrfpd72SG/EVd6muEfDQjcINNoR0C8j2r3qZ4Q=
gopkg.in/yaml.v3 v3.0.1 h1:fxVm/GzAzEWqLHuvctI91KS9hhNmmWOoWu0XTYJS7CA=
gopkg.in/yaml.v3 v3.0.1/go.mod h1:K4uyk7z7BCEPqu6E+C64Yfv1cQ7kz7rIZviUmN+EgEM=
mvdan.cc/gofumpt v0.12.0 h1:1Lbudkz2kpM9Cjz2pL4M19u7q+GaEhCTNf7N9mfpcho=
mvdan.cc/gofumpt v0.12.0/go.mod h1:SmBHHrljiZu/uoypeKup3rFzP6eoC9UwCp2iH5E3jZA=
