cloud.google.com/go v0.123.0 h1:2NAUJwPR47q+E35uaJeYoNhuNEM9kM8SjgRgdeOJUSE=
cloud.google.com/go v0.123.0/go.mod h1:xBoMV08QcqUGuPW65Qfm1o9Y4zKZBpGS+7bImXLTAZU=
github.com/MarkRosemaker/errpath v0.0.0-20260919112307-d5c7994551ff h1:zNVWSqFwWzqiJVtk2YMrCSrq6CNqGjkIqbs8AVidbOA=
github.com/MarkRosemaker/errpath v0.0.0-20260919112307-d5c7994551ff/go.mod h1:VnXpUlsS3n1gSToedcQl2FCARGoA16CyitbCanUIv+I=
github.com/MarkRosemaker/json2yaml v0.0.0-20260919112308-a1b4c0dc8893 h1:W3XG3BhHt45+VaY0hMk6AcuCvf8RcSUZBPFL+kQzzkQ=
github.com/MarkRosemaker/json2yaml v0.0.0-20260919112308-a1b4c0dc8893/go.mod h1:eUwIjjooIESK1Ymw4bbMdSDF6feAblyZjxyoo5o/W6U=
github.com/MarkRosemaker/jsonutil v0.0.0-20260919112309-1be2e4aee29f h1:jSbvuiU+QoOv5W9NU7Cqaxc8ssT3HF4fc+q8e8iCnGo=
github.com/MarkRosemaker/jsonutil v0.0.0-20260919112309-1be2e4aee29f/go.mod h1:SzjJlgYFlzpbFGvUUoQgfEsWlbai63bvhDPK8J0MNYM=
github.com/MarkRosemaker/openapi v0.0.0-20260919112358-1dc07f1fec35 h1:t3Im3gOA8pDudixFqMLII7r8v2BBZV/Z9LXm/X7SORY=
github.com/MarkRosemaker/openapi v0.0.0-20260919112358-1dc07f1fec35/go.mod h1:jKzuNHUat0JaBdFEjchvMldYslewLAWcISO+5QRInq8=
github.com/MarkRosemaker/openapi-codegen v0.0.0-20260919114215-c3adb08723bb h1:9kTtglp0sNiKsxtfCaDxgFNl99nCUSloc4sh8qUjnX4=
github.com/MarkRosemaker/openapi-codegen v0.0.0-20260919114215-c3adb08723bb/go.mod h1:KeAsgaObC06Nta4z/940woRz6A95lfWSdmb92jeVmaU=
github.com/MarkRosemaker/openapi-compare v0.0.0-20260919112432-24b09b415cf4 h1:dPoQgIXhdan395/XJEfWFtDBum/gsWA/Slz984ST6R4=
github.com/MarkRosemaker/openapi-compare v0.0.0-20260919112432-24b09b415cf4/go.mod h1:CmRIzCzFjmYeTxgOz7OJ1415SusLABLBV//u0Rm/LCY=
github.com/MarkRosemaker/openapi-compress v0.0.0-20260919113829-2c75405522b3 h1:UR1tzvKTV4n5x2BMJuD/kVWZWJuSNpCdYp3I7wBPKnI=
github.com/MarkRosemaker/openapi-compress v0.0.0-20260919113829-2c75405522b3/go.mod h1:SHNGvDFVtjCTWr3sYHhDdPQdJ40wPwDMvl+mL7GfRVY=
github.com/MarkRosemaker/openapi-edit v0.0.0-20260919112433-34f437b66f2f h1:wFr2n++LLNz23NMrP0YgL8nboaPM+E0930Xeoiv4vP4=
github.com/MarkRosemaker/openapi-edit v0.0.0-20260919112433-34f437b66f2f/go.mod h1:9PA9LgQgpUYGQLmkuV8DbLpDOAumEokozpYdO2izecc=
github.com/MarkRosemaker/openapi-enrich v0.0.0-20260919113209-f4319c65997c h1:tA1QGkX+TAdx16plTNVuRIXyYHPi1QZGZWqiVShF/4c=
github.com/MarkRosemaker/openapi-enrich v0.0.0-20260919113209-f4319c65997c/go.mod h1:SgYlkuz0F1Je7w9A7yoQVItlJMN19qcjAe/XbktiYn8=
github.com/MarkRosemaker/openapi-flatten v0.0.0-20260919112445-26366da88002 h1:8c8wFdn9dps/fnohiuZrs+HAGuoHmC/7btY3WN5MpRw=
github.com/MarkRosemaker/openapi-flatten v0.0.0-20260919112445-26366da88002/go.mod h1:hyUlE9gQA9IJmyyTfOGXVFOhTl+lFr4jkKBwl3ogDcQ=
github.com/MarkRosemaker/openapi-merge v0.0.0-20260919112433-1a489fdc23a6 h1:0AvUpL3wuXLFZZBVJNYARHcYiUnTmjcfIJhYZWp4TFo=
github.com/MarkRosemaker/openapi-merge v0.0.0-20260919112433-1a489fdc23a6/go.mod h1:NBjQdTVgQKmFAEpKRnA7ggxwRo67l/hPHX8weOVCyGw=
github.com/MarkRosemaker/ordmap v0.0.0-20260919112328-2dcdc20e6b15 h1:FJK/WQ0XGE+1r/AHLeDQBNl8Nvxg0lm9XQLx5+cNAds=
github.com/MarkRosemaker/ordmap v0.0.0-20260919112328-2dcdc20e6b15/go.mod h1:17iKV3kVtboRQtjPN9yXCvh739ZDIDm1KeKUNlZAGRc=
github.com/MarkRosemaker/yaml v0.0.0-20260919112332-c1f014ebc24b h1:605PAsEC1tW1pfi4IoWn8N7iOkQ5/M+nliktkYAd7OQ=
github.com/MarkRosemaker/yaml v0.0.0-20260919112332-c1f014ebc24b/go.mod h1:O8lEkmVY6aQWF5qPgLoNBToM3B1XRmz8qaBopt/j1Qw=
github.com/MarkRosemaker/yaml2json v0.0.0-20260919112308-cbb7454d758e h1:qUMt6oOm3QmwMQmDpBRbrT2IL+s+teYzix66hTFaE6M=
github.com/MarkRosemaker/yaml2json v0.0.0-20260919112308-cbb7454d758e/go.mod h1:DxNA9SDFrzw+RHsnxjIxjUzHy0I4+3hZg7R13u3SBvE=
github.com/ettle/strcase v0.2.0 h1:fGNiVF21fHXpX1niBgk0aROov1LagYsOwV/xqKDKR/Q=
github.com/ettle/strcase v0.2.0/go.mod h1:DajmHElDSaX76ITe3/VHVyMin4LWSJN5Z909Wp+ED1A=
github.com/go-api-libs/api v0.0.0-20260919112309-e60dd28e1bf1 h1:JgNgkh30DgAdSUZjW8YMeCF9DIgagMqaSsR8zJPUhmo=
github.com/go-api-libs/api v0.0.0-20260919112309-e60dd28e1bf1/go.mod h1:masFyl4XifxjXg66pLLUGz9RbDPS3EWo6NVIm/B0CEM=
github.com/go-api-libs/types v0.0.0-20260821232109-0cf45378823e h1:phyqsoQmuYpVxgTPIvqp4khoJ1EnAH3Us0zS7rocNYA=
github.com/go-api-libs/types v0.0.0-20260821232109-0cf45378823e/go.mod h1:z0z6qkZc45AvoRnluq7PkVSlSSF25sT0diJ+vrubYfA=
github.com/go-quicktest/qt v1.102.0 h1:HSQxCeh5YZH3EL3W39ixjtyaEhcWSXQHtHnMBzSs474=
github.com/go-quicktest/qt v1.102.0/go.mod h1:p4lGIVX+8Wa6ZPNDvqcxq36XpUDLh42FLetFU7odllI=
github.com/google/go-cmp v0.7.0 h1:wk8382ETsv4JYUZwIsn6YpYiWiBsYLSJiTsyBybVuN8=
github.com/google/go-cmp v0.7.0/go.mod h1:pXiqmnSA92OHEEa9HXL2W4E7lf9JzCmGVUdgjX3N/iU=
github.com/google/uuid v1.6.0 h1:NIvaJDMOsjHA8n1jAhLSgzrAzy1Hgr+hNrb57e+94F0=
github.com/google/uuid v1.6.0/go.mod h1:TIyPZe4MgqvfeYDBFedMoGGpEw/LqOeaOT+nhxU+yHo=
github.com/kr/pretty v0.3.1 h1:flRD4NNwYAUpkphVc1HcthR4KEIFJ65n8Mw5qdRn3LE=
github.com/kr/pretty v0.3.1/go.mod h1:hoEshYVHaxMs3cyo3Yncou5ZscifuDolrwPKZanG3xk=
github.com/kr/text v0.2.0 h1:5Nx0Ya0ZqY2ygV366QzturHI13Jq95ApcVaJBhpS+AY=
github.com/kr/text v0.2.0/go.mod h1:eLer722TekiGuMkidMxC/pM04lWEeraHUUmBw8l2grE=
github.com/rogpeppe/go-internal v1.16.0 h1:O9DK+vNMDVGLr2BeZqmpLeMjiMNkuXfcqntWbZV6S5g=
github.com/rogpeppe/go-internal v1.16.0/go.mod h1:DrUVZyrJU+txYW5/1kwtXQSMFio52ZOxX7yM1VHvnxs=
github.com/spf13/afero v1.15.0 h1:b/YBCLWAJdFWJTN9cLhiXXcD7mzKn9Dm86dNnfyQw1I=
github.com/spf13/afero v1.15.0/go.mod h1:NC2ByUVxtQs4b3sIUphxK0NioZnmxgyCrfzeuq8lxMg=
golang.org/x/exp v0.0.0-20260908205506-85c1c2202aba h1:Ck8QetSgk912qxWLMCKxd0in+aiyBQyDSMae6e/xmpU=
golang.org/x/exp v0.0.0-20260908205506-85c1c2202aba/go.mod h1:50RgIsmK7OwqzTTeqcSXQW8SswW0o8fRcDxmqGluJ8E=
golang.org/x/mod v0.41.0 h1:qJmnOUb4YB+FsEuM3HcWucdZASCPGhsX6uljO6pog0c=
golang.org/x/mod v0.41.0/go.mod h1:Ek9pY8RKWXwsWvd3rQiHYtMqkjSUV+s1Rj7j4H5Ur6o=
golang.org/x/sync v0.23.0 h1:KameEIfc1IkluZyXWLn39Wd4tURc6GbCiISGiZm2bQk=
golang.org/x/sync v0.23.0/go.mod h1:sUUOizhqBxiL6pEWpqNLUiaJn1ShEbZ6BBqskPbjZm0=
golang.org/x/text v0.42.0 h1:JbOZXgfeCPU9gacVtYliJqOhD+zhrEqK4LfdpmlUZqI=
golang.org/x/text v0.42.0/go.mod h1:ojzP1Z+2QtioaF8DTtO8K5q7JWVVYwZKenzujK0Zd0E=
golang.org/x/tools v0.50.0 h1:c2ifzfcuY7L90lZ2aKd8S4K2NpASF08SZx9ZuJkHmSU=
golang.org/x/tools v0.50.0/go.mod h1:7ulVMw3831Mwi5EZD6RomGyffr4VFjuNYXf2BbCEAV0=
gopkg.in/check.v1 v0.0.0-20161208181325-20d25e280405/go.mod h1:Co6ibVJAznAaIkqp8huTwlJQCZ016jof/cbN4VW5Yz0=
gopkg.in/check.v1 v1.0.0-20201130134442-10cb98267c6c h1:Hei/4ADfdWqJk1ZMxUNpqntNwaWcugrBjAiHlqqRiVk=
gopkg.in/check.v1 v1.0.0-20201130134442-10cb98267c6c/go.mod h1:JHkPIbrfpd72SG/EVd6muEfDQjcINNoR0C8j2r3qZ4Q=
gopkg.in/yaml.v3 v3.0.1 h1:fxVm/GzAzEWqLHuvctI91KS9hhNmmWOoWu0XTYJS7CA=
gopkg.in/yaml.v3 v3.0.1/go.mod h1:K4uyk7z7BCEPqu6E+C64Yfv1cQ7kz7rIZviUmN+EgEM=
mvdan.cc/gofumpt v0.12.0 h1:1Lbudkz2kpM9Cjz2pL4M19u7q+GaEhCTNf7N9mfpcho=
mvdan.cc/gofumpt v0.12.0/go.mod h1:SmBHHrljiZu/uoypeKup3rFzP6eoC9UwCp2iH5E3jZA=
